
Microsoft Visual Studio Solution File, Format Version 12.00
# Visual Studio Version 17
VisualStudioVersion = 17.3.32825.248
MinimumVisualStudioVersion = 10.0.40219.1
Project("{FAE04EC0-301F-11D3-BF4B-00C04F79EFBC}") = "DictionaryTest22", "DictionaryTest22\DictionaryTest22.csproj", "{B2BFB3FF-BF00-4A5A-85F1-EAE909B47288}"
EndProject
Global
	GlobalSection(SolutionConfigurationPlatforms) = preSolution
		Debug|Any CPU = Debug|Any CPU
		Release|Any CPU = Release|Any CPU
	EndGlobalSection
	GlobalSection(ProjectConfigurationPlatforms) = postSolution
		{B2BFB3FF-BF00-4A5A-85F1-EAE909B47288}.Debug|Any CPU.ActiveCfg = Debug|Any CPU
		{B2BFB3FF-BF00-4A5A-85F1-EAE909B47288}.Debug|Any CPU.Build.0 = Debug|Any CPU
		{B2BFB3FF-BF00-4A5A-85F1-EAE909B47288}.Release|Any CPU.ActiveCfg = Release|Any CPU
		{B2BFB3FF-BF00-4A5A-85F1-EAE909B47288}.Release|Any CPU.Build.0 = Release|Any CPU
	EndGlobalSection
	GlobalSection(SolutionProperties) = preSolution
		HideSolutionNode = FALSE
	EndGlobalSection
	GlobalSection(ExtensibilityGlobals) = postSolution
		SolutionGuid = {313A49E6-406C-4EDD-83A4-96983DA0F1D5}
	EndGlobalSection
EndGlobal
